
Microsoft Visual Studio Solution File, Format Version 12.00
# Visual Studio Version 16
VisualStudioVersion = 16.0.32630.194
MinimumVisualStudioVersion = 10.0.40219.1
Project("{FAE04EC0-301F-11D3-BF4B-00C04F79EFBC}") = "motorMeasurementControl", "motorMeasurementControl\motorMeasurementControl.csproj", "{30852711-4DB6-4DED-B386-2AD87B56E317}"
EndProject
Global
	GlobalSection(SolutionConfigurationPlatforms) = preSolution
		Debug|Any CPU = Debug|Any CPU
		Release|Any CPU = Release|Any CPU
	EndGlobalSection
	GlobalSection(ProjectConfigurationPlatforms) = postSolution
		{30852711-4DB6-4DED-B386-2AD87B56E317}.Debug|Any CPU.ActiveCfg = Debug|Any CPU
		{30852711-4DB6-4DED-B386-2AD87B56E317}.Debug|Any CPU.Build.0 = Debug|Any CPU
		{30852711-4DB6-4DED-B386-2AD87B56E317}.Release|Any CPU.ActiveCfg = Release|Any CPU
		{30852711-4DB6-4DED-B386-2AD87B56E317}.Release|Any CPU.Build.0 = Release|Any CPU
	EndGlobalSection
	GlobalSection(SolutionProperties) = preSolution
		HideSolutionNode = FALSE
	EndGlobalSection
	GlobalSection(ExtensibilityGlobals) = postSolution
		SolutionGuid = {63DE07A6-79E0-4829-BCA6-A9BC1E693E29}
	EndGlobalSection
EndGlobal
